Microsoft Visual Studio Solution File, Format Version 12.00
# Visual Studio Version 16
VisualStudioVersion = 16.0.0.0
MinimumVisualStudioVersion = 16.0.0.0
Project("{9A19103F-16F7-4668-BE54-9A1E7A4F7556}") = "SWARM.Server", "Server\SWARM.Server.csproj", "{4A427980-E032-43E7-B08C-5966376A4875}"
EndProject
Project("{9A19103F-16F7-4668-BE54-9A1E7A4F7556}") = "SWARM.Client", "Client\SWARM.Client.csproj", "{3ED2E27C-B266-401C-86EC-E87650914F3E}"
EndProject
Project("{9A19103F-16F7-4668-BE54-9A1E7A4F7556}") = "SWARM.Shared", "Shared\SWARM.Shared.csproj", "{8FB0578A-41FD-4B16-8FA1-92DF8521A06D}"
EndProject
Project("{FAE04EC0-301F-11D3-BF4B-00C04F79EFBC}") = "SWARM.EF", "EF\SWARM.EF.csproj", "{E3CBB3D7-3AFE-4AB8-AAD5-AD4E03D2E0D2}"
EndProject
Global
	GlobalSection(SolutionConfigurationPlatforms) = preSolution
		Debug|Any CPU = Debug|Any CPU
		Debug|x64 = Debug|x64
		Debug|x86 = Debug|x86
		Release|Any CPU = Release|Any CPU
		Release|x64 = Release|x64
		Release|x86 = Release|x86
	EndGlobalSection
	GlobalSection(ProjectConfigurationPlatforms) = postSolution
		{4A427980-E032-43E7-B08C-5966376A4875}.Debug|Any CPU.ActiveCfg = Debug|Any CPU
		{4A427980-E032-43E7-B08C-5966376A4875}.Debug|Any CPU.Build.0 = Debug|Any CPU
		{4A427980-E032-43E7-B08C-5966376A4875}.Debug|x64.ActiveCfg = Debug|Any CPU
		{4A427980-E032-43E7-B08C-5966376A4875}.Debug|x64.Build.0 = Debug|Any CPU
		{4A427980-E032-43E7-B08C-5966376A4875}.Debug|x86.ActiveCfg = Debug|Any CPU
		{4A427980-E032-43E7-B08C-5966376A4875}.Debug|x86.Build.0 = Debug|Any CPU
		{4A427980-E032-43E7-B08C-5966376A4875}.Release|Any CPU.ActiveCfg = Release|Any CPU
		{4A427980-E032-43E7-B08C-5966376A4875}.Release|Any CPU.Build.0 = Release|Any CPU
		{4A427980-E032-43E7-B08C-5966376A4875}.Release|x64.ActiveCfg = Release|Any CPU
		{4A427980-E032-43E7-B08C-5966376A4875}.Release|x64.Build.0 = Release|Any CPU
		{4A427980-E032-43E7-B08C-5966376A4875}.Release|x86.ActiveCfg = Release|Any CPU
		{4A427980-E032-43E7-B08C-5966376A4875}.Release|x86.Build.0 = Release|Any CPU
		{3ED2E27C-B266-401C-86EC-E87650914F3E}.Debug|Any CPU.ActiveCfg = Debug|Any CPU
		{3ED2E27C-B266-401C-86EC-E87650914F3E}.Debug|Any CPU.Build.0 = Debug|Any CPU
		{3ED2E27C-B266-401C-86EC-E87650914F3E}.Debug|x64.ActiveCfg = Debug|Any CPU
		{3ED2E27C-B266-401C-86EC-E87650914F3E}.Debug|x64.Build.0 = Debug|Any CPU
		{3ED2E27C-B266-401C-86EC-E87650914F3E}.Debug|x86.ActiveCfg = Debug|Any CPU
		{3ED2E27C-B266-401C-86EC-E87650914F3E}.Debug|x86.Build.0 = Debug|Any CPU
		{3ED2E27C-B266-401C-86EC-E87650914F3E}.Release|Any CPU.ActiveCfg = Release|Any CPU
		{3ED2E27C-B266-401C-86EC-E87650914F3E}.Release|Any CPU.Build.0 = Release|Any CPU
		{3ED2E27C-B266-401C-86EC-E87650914F3E}.Release|x64.ActiveCfg = Release|Any CPU
		{3ED2E27C-B266-401C-86EC-E87650914F3E}.Release|x64.Build.0 = Release|Any CPU
		{3ED2E27C-B266-401C-86EC-E87650914F3E}.Release|x86.ActiveCfg = Release|Any CPU
		{3ED2E27C-B266-401C-86EC-E87650914F3E}.Release|x86.Build.0 = Release|Any CPU
		{8FB0578A-41FD-4B16-8FA1-92DF8521A06D}.Debug|Any CPU.ActiveCfg = Debug|Any CPU
		{8FB0578A-41FD-4B16-8FA1-92DF8521A06D}.Debug|Any CPU.Build.0 = Debug|Any CPU
		{8FB0578A-41FD-4B16-8FA1-92DF8521A06D}.Debug|x64.ActiveCfg = Debug|Any CPU
		{8FB0578A-41FD-4B16-8FA1-92DF8521A06D}.Debug|x64.Build.0 = Debug|Any CPU
		{8FB0578A-41FD-4B16-8FA1-92DF8521A06D}.Debug|x86.ActiveCfg = Debug|Any CPU
		{8FB0578A-41FD-4B16-8FA1-92DF8521A06D}.Debug|x86.Build.0 = Debug|Any CPU
		{8FB0578A-41FD-4B16-8FA1-92DF8521A06D}.Release|Any CPU.ActiveCfg = Release|Any CPU
		{8FB0578A-41FD-4B16-8FA1-92DF8521A06D}.Release|Any CPU.Build.0 = Release|Any CPU
		{8FB0578A-41FD-4B16-8FA1-92DF8521A06D}.Release|x64.ActiveCfg = Release|Any CPU
		{8FB0578A-41FD-4B16-8FA1-92DF8521A06D}.Release|x64.Build.0 = Release|Any CPU
		{8FB0578A-41FD-4B16-8FA1-92DF8521A06D}.Release|x86.ActiveCfg = Release|Any CPU
		{8FB0578A-41FD-4B16-8FA1-92DF8521A06D}.Release|x86.Build.0 = Release|Any CPU
		{E3CBB3D7-3AFE-4AB8-AAD5-AD4E03D2E0D2}.Debug|Any CPU.ActiveCfg = Debug|Any CPU
		{E3CBB3D7-3AFE-4AB8-AAD5-AD4E03D2E0D2}.Debug|Any CPU.Build.0 = Debug|Any CPU
		{E3CBB3D7-3AFE-4AB8-AAD5-AD4E03D2E0D2}.Debug|x64.ActiveCfg = Debug|Any CPU
		{E3CBB3D7-3AFE-4AB8-AAD5-AD4E03D2E0D2}.Debug|x64.Build.0 = Debug|Any CPU
		{E3CBB3D7-3AFE-4AB8-AAD5-AD4E03D2E0D2}.Debug|x86.ActiveCfg = Debug|Any CPU
		{E3CBB3D7-3AFE-4AB8-AAD5-AD4E03D2E0D2}.Debug|x86.Build.0 = Debug|Any CPU
		{E3CBB3D7-3AFE-4AB8-AAD5-AD4E03D2E0D2}.Release|Any CPU.ActiveCfg = Release|Any CPU
		{E3CBB3D7-3AFE-4AB8-AAD5-AD4E03D2E0D2}.Release|Any CPU.Build.0 = Release|Any CPU
		{E3CBB3D7-3AFE-4AB8-AAD5-AD4E03D2E0D2}.Release|x64.ActiveCfg = Release|Any CPU
		{E3CBB3D7-3AFE-4AB8-AAD5-AD4E03D2E0D2}.Release|x64.Build.0 = Release|Any CPU
		{E3CBB3D7-3AFE-4AB8-AAD5-AD4E03D2E0D2}.Release|x86.ActiveCfg = Release|Any CPU
		{E3CBB3D7-3AFE-4AB8-AAD5-AD4E03D2E0D2}.Release|x86.Build.0 = Release|Any CPU
	EndGlobalSection
	GlobalSection(SolutionProperties) = preSolution
		HideSolutionNode = FALSE
	EndGlobalSection
	GlobalSection(ExtensibilityGlobals) = postSolution
		SolutionGuid = {7602DDDC-2A57-4879-808B-1CF3302D37FA}
	EndGlobalSection
EndGlobal
